
Microsoft Visual Studio Solution File, Format Version 12.00
# Visual Studio Version 17
VisualStudioVersion = 17.0.31903.59
MinimumVisualStudioVersion = 10.0.40219.1
Project("{FAE04EC0-301F-11D3-BF4B-00C04F79EFBC}") = "Interpreter", "Interpreter\Interpreter.csproj", "{490C1140-A877-4323-8BF9-19E9C92FEE0F}"
EndProject
Project("{FAE04EC0-301F-11D3-BF4B-00C04F79EFBC}") = "Interpreter.Tests", "Interpreter.Tests\Interpreter.Tests.csproj", "{BD88CA1C-6919-4BE2-A4D4-E6B212EB6466}"
EndProject
Global
	GlobalSection(SolutionConfigurationPlatforms) = preSolution
		Debug|Any CPU = Debug|Any CPU
		Release|Any CPU = Release|Any CPU
	EndGlobalSection
	GlobalSection(SolutionProperties) = preSolution
		HideSolutionNode = FALSE
	EndGlobalSection
	GlobalSection(ProjectConfigurationPlatforms) = postSolution
		{490C1140-A877-4323-8BF9-19E9C92FEE0F}.Debug|Any CPU.ActiveCfg = Debug|Any CPU
		{490C1140-A877-4323-8BF9-19E9C92FEE0F}.Debug|Any CPU.Build.0 = Debug|Any CPU
		{490C1140-A877-4323-8BF9-19E9C92FEE0F}.Release|Any CPU.ActiveCfg = Release|Any CPU
		{490C1140-A877-4323-8BF9-19E9C92FEE0F}.Release|Any CPU.Build.0 = Release|Any CPU
		{BD88CA1C-6919-4BE2-A4D4-E6B212EB6466}.Debug|Any CPU.ActiveCfg = Debug|Any CPU
		{BD88CA1C-6919-4BE2-A4D4-E6B212EB6466}.Debug|Any CPU.Build.0 = Debug|Any CPU
		{BD88CA1C-6919-4BE2-A4D4-E6B212EB6466}.Release|Any CPU.ActiveCfg = Release|Any CPU
		{BD88CA1C-6919-4BE2-A4D4-E6B212EB6466}.Release|Any CPU.Build.0 = Release|Any CPU
	EndGlobalSection
EndGlobal
